<Solution>
  <Folder Name="/src/">
    <Project Path="src/FunctionTesting/FunctionTesting.csproj" />
  </Folder>
  <Folder Name="/tests/">
    <Project Path="tests/FunctionTesting.TestHost/FunctionTesting.TestHost.csproj" />
    <Project Path="tests/FunctionTesting.Tests/FunctionTesting.Tests.csproj" />
  </Folder>
</Solution>
